
Microsoft Visual Studio Solution File, Format Version 12.00
# Visual Studio Version 16
VisualStudioVersion = 16.0.29905.134
MinimumVisualStudioVersion = 10.0.40219.1
Project("{FAE04EC0-301F-11D3-BF4B-00C04F79EFBC}") = "ProjectMvcAspCore", "ProjectMvcAspCore.csproj", "{C84982F8-EBCA-43A0-9510-42F39EAC6964}"
EndProject
Global
	GlobalSection(SolutionConfigurationPlatforms) = preSolution
		Debug|Any CPU = Debug|Any CPU
		Release|Any CPU = Release|Any CPU
	EndGlobalSection
	GlobalSection(ProjectConfigurationPlatforms) = postSolution
		{C84982F8-EBCA-43A0-9510-42F39EAC6964}.Debug|Any CPU.ActiveCfg = Debug|Any CPU
		{C84982F8-EBCA-43A0-9510-42F39EAC6964}.Debug|Any CPU.Build.0 = Debug|Any CPU
		{C84982F8-EBCA-43A0-9510-42F39EAC6964}.Release|Any CPU.ActiveCfg = Release|Any CPU
		{C84982F8-EBCA-43A0-9510-42F39EAC6964}.Release|Any CPU.Build.0 = Release|Any CPU
	EndGlobalSection
	GlobalSection(SolutionProperties) = preSolution
		HideSolutionNode = FALSE
	EndGlobalSection
	GlobalSection(ExtensibilityGlobals) = postSolution
		SolutionGuid = {C68B7528-2237-42C3-928F-2587B2968141}
	EndGlobalSection
EndGlobal
